
Microsoft Visual Studio Solution File, Format Version 12.00
# Visual Studio Version 16
VisualStudioVersion = 16.0.29519.181
MinimumVisualStudioVersion = 10.0.40219.1
Project("{9A19103F-16F7-4668-BE54-9A1E7A4F7556}") = "Configurator_Auto", "Configurator_Auto\Configurator_Auto.csproj", "{2DC2F67D-718C-4F86-8FD5-429FC45BC1B5}"
EndProject
Global
	GlobalSection(SolutionConfigurationPlatforms) = preSolution
		Debug|Any CPU = Debug|Any CPU
		Release|Any CPU = Release|Any CPU
	EndGlobalSection
	GlobalSection(ProjectConfigurationPlatforms) = postSolution
		{2DC2F67D-718C-4F86-8FD5-429FC45BC1B5}.Debug|Any CPU.ActiveCfg = Debug|Any CPU
		{2DC2F67D-718C-4F86-8FD5-429FC45BC1B5}.Debug|Any CPU.Build.0 = Debug|Any CPU
		{2DC2F67D-718C-4F86-8FD5-429FC45BC1B5}.Release|Any CPU.ActiveCfg = Release|Any CPU
		{2DC2F67D-718C-4F86-8FD5-429FC45BC1B5}.Release|Any CPU.Build.0 = Release|Any CPU
	EndGlobalSection
	GlobalSection(SolutionProperties) = preSolution
		HideSolutionNode = FALSE
	EndGlobalSection
	GlobalSection(ExtensibilityGlobals) = postSolution
		SolutionGuid = {11254FD5-D5B2-4D76-BF5C-7690948BB668}
	EndGlobalSection
EndGlobal
